schema: '2.0'
stages:
  preprocess:
    cmd: uv run python src/*/data.py
    deps:
    - path: data/raw/bcw.csv
      hash: md5
      md5: b89bc72edee2b5574bf43f92b320b679
      size: 125206
    - path: src/
      hash: md5
      md5: e3d8699dc6e6a93c958da6451b7cca94.dir
      size: 65432
      nfiles: 25
    outs:
    - path: data/processed/
      hash: md5
      md5: 130fa883b601a6d0d2c710c947490c8a.dir
      size: 76827
      nfiles: 5
  train:
    cmd: uv run python src/*/train.py
    deps:
    - path: data/processed/
      hash: md5
      md5: 130fa883b601a6d0d2c710c947490c8a.dir
      size: 76827
      nfiles: 5
    - path: src/
      hash: md5
      md5: d1846b4b05d82bb979a1d0a50d4c960b.dir
      size: 65432
      nfiles: 25
    outs:
    - path: models/best_model.pt
      hash: md5
      md5: 8bdcb1d491059185aff600476306fa62
      size: 19174
    - path: models/last_model.pt
      hash: md5
      md5: 801ce492099991b47ddd0e7795c40b48
      size: 19174
