schema: '2.0'
stages:
  preprocess:
    cmd: uv run python src/*/data.py
    deps:
    - path: data/raw/bcw.csv
      hash: md5
      md5: b89bc72edee2b5574bf43f92b320b679
      size: 125206
    - path: src/
      hash: md5
    outs:
    - path: data/processed/
      hash: md5
      files:
      - relpath: feature_columns.json
        md5: a69c2a0e20a9f18198393f972acdcc30
        size: 545
        cloud:
          remote_storage:
            etag: 089c9c9af59b8e92031001
            version_id: '1768503227354652'
      - relpath: label_encoder.joblib
        md5: 08af598a13b001862e4834decd6e52a1
        size: 481
        cloud:
          remote_storage:
            etag: 08b1aa8ef59b8e92031001
            version_id: '1768503227159857'
      - relpath: scaler.joblib
        md5: 6fa6caf753e479bb6f27ed38f4845fe8
        size: 2631
        cloud:
          remote_storage:
            etag: 08f59c9af59b8e92031001
            version_id: '1768503227354741'
      - relpath: test.pt
        md5: 3a96192614573c0730eb1f5fbbc9edb6
        size: 8390
        cloud:
          remote_storage:
            etag: 08eeb08df59b8e92031001
            version_id: '1768503227144302'
      - relpath: train.pt
        md5: 9fadca232053b6f0e0a486a6b2afd0cd
        size: 64780
        cloud:
          remote_storage:
            etag: 0889b386f59b8e92031001
            version_id: '1768503227029897'
  train:
    cmd: uv run python src/*/train.py
    deps:
    - path: data/processed/
      hash: md5
      files:
      - relpath: feature_columns.json
        md5: a69c2a0e20a9f18198393f972acdcc30
      - relpath: label_encoder.joblib
        md5: 08af598a13b001862e4834decd6e52a1
      - relpath: scaler.joblib
        md5: 6fa6caf753e479bb6f27ed38f4845fe8
      - relpath: test.pt
        md5: 3a96192614573c0730eb1f5fbbc9edb6
      - relpath: train.pt
        md5: 9fadca232053b6f0e0a486a6b2afd0cd
    - path: src/
      hash: md5
    outs:
    - path: models/best_model.pt
      hash: md5
      md5: df6f66945e9cd1c9bcdf6912173a5c7e
      size: 19174
      cloud:
        remote_storage:
          etag: 08d8eff4e89b8e92031001
          version_id: '1768503201576920'
    - path: models/last_model.pt
      hash: md5
      md5: b232bd669b06b84c5f1a7ba2d6fefb77
      size: 19174
      cloud:
        remote_storage:
          etag: 08e18480e99b8e92031001
          version_id: '1768503201759841'
