schema: '2.0'
stages:
  preprocess:
    cmd: uv run python src/*/data.py
    deps:
    - path: data/raw/bcw.csv
      hash: md5
      md5: c8a5a23b948ce4b0ef2bb0e97876be47
      size: 124636
    - path: src/
      hash: md5
    outs:
    - path: data/processed/
      hash: md5
      files:
      - relpath: feature_columns.json
        md5: a69c2a0e20a9f18198393f972acdcc30
        size: 545
        cloud:
          remote_storage:
            etag: 08e8bebed4f89992031001
            version_id: '1768906080362344'
      - relpath: label_encoder.joblib
        md5: 08af598a13b001862e4834decd6e52a1
        size: 481
        cloud:
          remote_storage:
            etag: 08cd9fc1d4f89992031001
            version_id: '1768906080407501'
      - relpath: scaler.joblib
        md5: 6fa6caf753e479bb6f27ed38f4845fe8
        size: 2631
        cloud:
          remote_storage:
            etag: 08c5e7c0d4f89992031001
            version_id: '1768906080400325'
      - relpath: test.pt
        md5: 97ffe6b374143ff027f535ebff8079c7
        size: 8390
        cloud:
          remote_storage:
            etag: 08bac8c5d4f89992031001
            version_id: '1768906080478266'
      - relpath: train.pt
        md5: 6b1686e10e8f8634ed49fa9409d42709
        size: 64780
        cloud:
          remote_storage:
            etag: 089083c2d4f89992031001
            version_id: '1768906080420240'
  train:
    cmd: uv run python src/*/train.py
    deps:
    - path: data/processed/
      hash: md5
      files:
      - relpath: feature_columns.json
        md5: a69c2a0e20a9f18198393f972acdcc30
      - relpath: label_encoder.joblib
        md5: 08af598a13b001862e4834decd6e52a1
      - relpath: scaler.joblib
        md5: 6fa6caf753e479bb6f27ed38f4845fe8
      - relpath: test.pt
        md5: 97ffe6b374143ff027f535ebff8079c7
      - relpath: train.pt
        md5: 6b1686e10e8f8634ed49fa9409d42709
    - path: src/
      hash: md5
    outs:
    - path: models/best_model.pt
      hash: md5
      md5: c2b95501ca141881bde633b911465b82
      size: 19174
      cloud:
        remote_storage:
          etag: 08ee8bb8d4f89992031001
          version_id: '1768906080257518'
    - path: models/last_model.pt
      hash: md5
      md5: 63c90b53ce1b89e74bf9fbb83f8422c8
      size: 19174
      cloud:
        remote_storage:
          etag: 08b1aec1d4f89992031001
          version_id: '1768906080409393'
